
Microsoft Visual Studio Solution File, Format Version 12.00
# Visual Studio Version 17
VisualStudioVersion = 17.5.33502.453
MinimumVisualStudioVersion = 10.0.40219.1
Project("{FAE04EC0-301F-11D3-BF4B-00C04F79EFBC}") = "LibraryIdentityProvider", "LibraryIdentityProvider\LibraryIdentityProvider.csproj", "{DA5A7030-4D46-4743-BA60-D01E109BDBAA}"
EndProject
Global
	GlobalSection(SolutionConfigurationPlatforms) = preSolution
		Debug|Any CPU = Debug|Any CPU
		Release|Any CPU = Release|Any CPU
	EndGlobalSection
	GlobalSection(ProjectConfigurationPlatforms) = postSolution
		{DA5A7030-4D46-4743-BA60-D01E109BDBAA}.Debug|Any CPU.ActiveCfg = Debug|Any CPU
		{DA5A7030-4D46-4743-BA60-D01E109BDBAA}.Debug|Any CPU.Build.0 = Debug|Any CPU
		{DA5A7030-4D46-4743-BA60-D01E109BDBAA}.Release|Any CPU.ActiveCfg = Release|Any CPU
		{DA5A7030-4D46-4743-BA60-D01E109BDBAA}.Release|Any CPU.Build.0 = Release|Any CPU
	EndGlobalSection
	GlobalSection(SolutionProperties) = preSolution
		HideSolutionNode = FALSE
	EndGlobalSection
	GlobalSection(ExtensibilityGlobals) = postSolution
		SolutionGuid = {45857563-2928-4F1D-B7C4-2FB50764EF68}
	EndGlobalSection
EndGlobal
